
Microsoft Visual Studio Solution File, Format Version 12.00
# Visual Studio Version 16
VisualStudioVersion = 16.0.29306.81
MinimumVisualStudioVersion = 10.0.40219.1
Project("{FAE04EC0-301F-11D3-BF4B-00C04F79EFBC}") = "Plight_of_Tybarllor_Namhend", "Plight_of_Tybarllor_Namhend\Plight_of_Tybarllor_Namhend.csproj", "{7E1E1A8C-BD08-469B-9331-9B7E9EF50F17}"
EndProject
Global
	GlobalSection(SolutionConfigurationPlatforms) = preSolution
		Debug|Any CPU = Debug|Any CPU
		Release|Any CPU = Release|Any CPU
	EndGlobalSection
	GlobalSection(ProjectConfigurationPlatforms) = postSolution
		{7E1E1A8C-BD08-469B-9331-9B7E9EF50F17}.Debug|Any CPU.ActiveCfg = Debug|Any CPU
		{7E1E1A8C-BD08-469B-9331-9B7E9EF50F17}.Debug|Any CPU.Build.0 = Debug|Any CPU
		{7E1E1A8C-BD08-469B-9331-9B7E9EF50F17}.Release|Any CPU.ActiveCfg = Release|Any CPU
		{7E1E1A8C-BD08-469B-9331-9B7E9EF50F17}.Release|Any CPU.Build.0 = Release|Any CPU
	EndGlobalSection
	GlobalSection(SolutionProperties) = preSolution
		HideSolutionNode = FALSE
	EndGlobalSection
	GlobalSection(ExtensibilityGlobals) = postSolution
		SolutionGuid = {D801F3D6-107C-47D2-9A31-F1B50F158EF7}
	EndGlobalSection
EndGlobal
